Microsoft Visual Studio Solution File, Format Version 11.00
# Visual Studio 2019

Project("{8BC9CEB8-8B4A-11D0-8D11-00A0C91BC942}") = "Grace - App", "Grace_App.vcxproj", "{F1C14E4C-A8DD-A6FD-9FC4-4D03308DEE76}"
EndProject
Global
	GlobalSection(SolutionConfigurationPlatforms) = preSolution
		Debug|x64 = Debug|x64
		Release|x64 = Release|x64
	EndGlobalSection
	GlobalSection(ProjectConfigurationPlatforms) = postSolution
		{F1C14E4C-A8DD-A6FD-9FC4-4D03308DEE76}.Debug|x64.ActiveCfg = Debug|x64
		{F1C14E4C-A8DD-A6FD-9FC4-4D03308DEE76}.Debug|x64.Build.0 = Debug|x64
		{F1C14E4C-A8DD-A6FD-9FC4-4D03308DEE76}.Release|x64.ActiveCfg = Release|x64
		{F1C14E4C-A8DD-A6FD-9FC4-4D03308DEE76}.Release|x64.Build.0 = Release|x64
	EndGlobalSection
	GlobalSection(SolutionProperties) = preSolution
		HideSolutionNode = FALSE
	EndGlobalSection
EndGlobal
